<?xml version="1.0" encoding="utf-8"?>
<Project ToolsVersion="17.0" xmlns="http://schemas.microsoft.com/developer/msbuild/2003">
  <ItemGroup>
    <ClCompile Include="C:\Users\minep\Desktop\Semester 6\Sanntid\TTK4145_gruppe_41\rtsystem\src\tasks\elevator_task.c">
      <Filter>Source Files</Filter>
    </ClCompile>
    <ClCompile Include="C:\Users\minep\Desktop\Semester 6\Sanntid\TTK4145_gruppe_41\rtsystem\src\tasks\elevator_fsm.c">
      <Filter>Source Files</Filter>
    </ClCompile>
    <ClCompile Include="C:\Users\minep\Desktop\Semester 6\Sanntid\TTK4145_gruppe_41\rtsystem\src\tasks\elevator_roles.c">
      <Filter>Source Files</Filter>
    </ClCompile>
    <ClCompile Include="C:\Users\minep\Desktop\Semester 6\Sanntid\TTK4145_gruppe_41\rtsystem\src\tasks\process_pair_backup_task.c">
      <Filter>Source Files</Filter>
    </ClCompile>
    <ClCompile Include="C:\Users\minep\Desktop\Semester 6\Sanntid\TTK4145_gruppe_41\rtsystem\src\tasks\process_pair_primary_task.c">
      <Filter>Source Files</Filter>
    </ClCompile>
    <ClCompile Include="C:\Users\minep\Desktop\Semester 6\Sanntid\TTK4145_gruppe_41\rtsystem\src\tasks\log_task.c">
      <Filter>Source Files</Filter>
    </ClCompile>
  </ItemGroup>
  <ItemGroup>
    <CustomBuild Include="C:\Users\minep\Desktop\Semester 6\Sanntid\TTK4145_gruppe_41\rtsystem\src\tasks\CMakeLists.txt" />
  </ItemGroup>
  <ItemGroup>
    <Filter Include="Source Files">
      <UniqueIdentifier>{E5B95344-7432-3434-80C9-88933E8684FD}</UniqueIdentifier>
    </Filter>
  </ItemGroup>
</Project>
