
Microsoft Visual Studio Solution File, Format Version 12.00
# Visual Studio Version 17
Project("{8BC9CEB8-8B4A-11D0-8D11-00A0C91BC942}") = "ALL_BUILD", "ALL_BUILD.vcxproj", "{67BDAAA6-00C6-3467-BEEA-E3B4807FB962}"
	ProjectSection(ProjectDependencies) = postProject
		{1AA598A1-441D-3E59-A063-48D81FF429AA} = {1AA598A1-441D-3E59-A063-48D81FF429AA}
		{07B59081-1E0C-34B4-817D-48ADE4B53FF9} = {07B59081-1E0C-34B4-817D-48ADE4B53FF9}
		{FB6B1A6F-8392-3C5A-BED4-4946F1BEB0C6} = {FB6B1A6F-8392-3C5A-BED4-4946F1BEB0C6}
		{16E604BE-7D90-33D6-92D6-629298F1F6EE} = {16E604BE-7D90-33D6-92D6-629298F1F6EE}
	EndProjectSection
EndProject
Project("{8BC9CEB8-8B4A-11D0-8D11-00A0C91BC942}") = "ZERO_CHECK", "ZERO_CHECK.vcxproj", "{1AA598A1-441D-3E59-A063-48D81FF429AA}"
	ProjectSection(ProjectDependencies) = postProject
	EndProjectSection
EndProject
Project("{8BC9CEB8-8B4A-11D0-8D11-00A0C91BC942}") = "core", "src\core\core.vcxproj", "{07B59081-1E0C-34B4-817D-48ADE4B53FF9}"
	ProjectSection(ProjectDependencies) = postProject
		{1AA598A1-441D-3E59-A063-48D81FF429AA} = {1AA598A1-441D-3E59-A063-48D81FF429AA}
	EndProjectSection
EndProject
Project("{8BC9CEB8-8B4A-11D0-8D11-00A0C91BC942}") = "fullclean", "src\main\fullclean.vcxproj", "{EB84AED9-0D3E-332D-8E75-5AD17FABB3DE}"
	ProjectSection(ProjectDependencies) = postProject
		{1AA598A1-441D-3E59-A063-48D81FF429AA} = {1AA598A1-441D-3E59-A063-48D81FF429AA}
	EndProjectSection
EndProject
Project("{8BC9CEB8-8B4A-11D0-8D11-00A0C91BC942}") = "rtsystem", "src\main\rtsystem.vcxproj", "{FB6B1A6F-8392-3C5A-BED4-4946F1BEB0C6}"
	ProjectSection(ProjectDependencies) = postProject
		{1AA598A1-441D-3E59-A063-48D81FF429AA} = {1AA598A1-441D-3E59-A063-48D81FF429AA}
		{07B59081-1E0C-34B4-817D-48ADE4B53FF9} = {07B59081-1E0C-34B4-817D-48ADE4B53FF9}
		{16E604BE-7D90-33D6-92D6-629298F1F6EE} = {16E604BE-7D90-33D6-92D6-629298F1F6EE}
	EndProjectSection
EndProject
Project("{8BC9CEB8-8B4A-11D0-8D11-00A0C91BC942}") = "setcap", "src\main\setcap.vcxproj", "{06565A24-D407-3AFE-A73A-DE1B8EDE8747}"
	ProjectSection(ProjectDependencies) = postProject
		{1AA598A1-441D-3E59-A063-48D81FF429AA} = {1AA598A1-441D-3E59-A063-48D81FF429AA}
		{FB6B1A6F-8392-3C5A-BED4-4946F1BEB0C6} = {FB6B1A6F-8392-3C5A-BED4-4946F1BEB0C6}
	EndProjectSection
EndProject
Project("{8BC9CEB8-8B4A-11D0-8D11-00A0C91BC942}") = "tasks", "src\tasks\tasks.vcxproj", "{16E604BE-7D90-33D6-92D6-629298F1F6EE}"
	ProjectSection(ProjectDependencies) = postProject
		{1AA598A1-441D-3E59-A063-48D81FF429AA} = {1AA598A1-441D-3E59-A063-48D81FF429AA}
		{07B59081-1E0C-34B4-817D-48ADE4B53FF9} = {07B59081-1E0C-34B4-817D-48ADE4B53FF9}
	EndProjectSection
EndProject
Global
	GlobalSection(SolutionConfigurationPlatforms) = preSolution
		Debug|x64 = Debug|x64
		Release|x64 = Release|x64
		MinSizeRel|x64 = MinSizeRel|x64
		RelWithDebInfo|x64 = RelWithDebInfo|x64
	EndGlobalSection
	GlobalSection(ProjectConfigurationPlatforms) = postSolution
		{67BDAAA6-00C6-3467-BEEA-E3B4807FB962}.Debug|x64.ActiveCfg = Debug|x64
		{67BDAAA6-00C6-3467-BEEA-E3B4807FB962}.Release|x64.ActiveCfg = Release|x64
		{67BDAAA6-00C6-3467-BEEA-E3B4807FB962}.MinSizeRel|x64.ActiveCfg = MinSizeRel|x64
		{67BDAAA6-00C6-3467-BEEA-E3B4807FB962}.RelWithDebInfo|x64.ActiveCfg = RelWithDebInfo|x64
		{1AA598A1-441D-3E59-A063-48D81FF429AA}.Debug|x64.ActiveCfg = Debug|x64
		{1AA598A1-441D-3E59-A063-48D81FF429AA}.Debug|x64.Build.0 = Debug|x64
		{1AA598A1-441D-3E59-A063-48D81FF429AA}.Release|x64.ActiveCfg = Release|x64
		{1AA598A1-441D-3E59-A063-48D81FF429AA}.Release|x64.Build.0 = Release|x64
		{1AA598A1-441D-3E59-A063-48D81FF429AA}.MinSizeRel|x64.ActiveCfg = MinSizeRel|x64
		{1AA598A1-441D-3E59-A063-48D81FF429AA}.MinSizeRel|x64.Build.0 = MinSizeRel|x64
		{1AA598A1-441D-3E59-A063-48D81FF429AA}.RelWithDebInfo|x64.ActiveCfg = RelWithDebInfo|x64
		{1AA598A1-441D-3E59-A063-48D81FF429AA}.RelWithDebInfo|x64.Build.0 = RelWithDebInfo|x64
		{07B59081-1E0C-34B4-817D-48ADE4B53FF9}.Debug|x64.ActiveCfg = Debug|x64
		{07B59081-1E0C-34B4-817D-48ADE4B53FF9}.Debug|x64.Build.0 = Debug|x64
		{07B59081-1E0C-34B4-817D-48ADE4B53FF9}.Release|x64.ActiveCfg = Release|x64
		{07B59081-1E0C-34B4-817D-48ADE4B53FF9}.Release|x64.Build.0 = Release|x64
		{07B59081-1E0C-34B4-817D-48ADE4B53FF9}.MinSizeRel|x64.ActiveCfg = MinSizeRel|x64
		{07B59081-1E0C-34B4-817D-48ADE4B53FF9}.MinSizeRel|x64.Build.0 = MinSizeRel|x64
		{07B59081-1E0C-34B4-817D-48ADE4B53FF9}.RelWithDebInfo|x64.ActiveCfg = RelWithDebInfo|x64
		{07B59081-1E0C-34B4-817D-48ADE4B53FF9}.RelWithDebInfo|x64.Build.0 = RelWithDebInfo|x64
		{EB84AED9-0D3E-332D-8E75-5AD17FABB3DE}.Debug|x64.ActiveCfg = Debug|x64
		{EB84AED9-0D3E-332D-8E75-5AD17FABB3DE}.Release|x64.ActiveCfg = Release|x64
		{EB84AED9-0D3E-332D-8E75-5AD17FABB3DE}.MinSizeRel|x64.ActiveCfg = MinSizeRel|x64
		{EB84AED9-0D3E-332D-8E75-5AD17FABB3DE}.RelWithDebInfo|x64.ActiveCfg = RelWithDebInfo|x64
		{FB6B1A6F-8392-3C5A-BED4-4946F1BEB0C6}.Debug|x64.ActiveCfg = Debug|x64
		{FB6B1A6F-8392-3C5A-BED4-4946F1BEB0C6}.Debug|x64.Build.0 = Debug|x64
		{FB6B1A6F-8392-3C5A-BED4-4946F1BEB0C6}.Release|x64.ActiveCfg = Release|x64
		{FB6B1A6F-8392-3C5A-BED4-4946F1BEB0C6}.Release|x64.Build.0 = Release|x64
		{FB6B1A6F-8392-3C5A-BED4-4946F1BEB0C6}.MinSizeRel|x64.ActiveCfg = MinSizeRel|x64
		{FB6B1A6F-8392-3C5A-BED4-4946F1BEB0C6}.MinSizeRel|x64.Build.0 = MinSizeRel|x64
		{FB6B1A6F-8392-3C5A-BED4-4946F1BEB0C6}.RelWithDebInfo|x64.ActiveCfg = RelWithDebInfo|x64
		{FB6B1A6F-8392-3C5A-BED4-4946F1BEB0C6}.RelWithDebInfo|x64.Build.0 = RelWithDebInfo|x64
		{06565A24-D407-3AFE-A73A-DE1B8EDE8747}.Debug|x64.ActiveCfg = Debug|x64
		{06565A24-D407-3AFE-A73A-DE1B8EDE8747}.Release|x64.ActiveCfg = Release|x64
		{06565A24-D407-3AFE-A73A-DE1B8EDE8747}.MinSizeRel|x64.ActiveCfg = MinSizeRel|x64
		{06565A24-D407-3AFE-A73A-DE1B8EDE8747}.RelWithDebInfo|x64.ActiveCfg = RelWithDebInfo|x64
		{16E604BE-7D90-33D6-92D6-629298F1F6EE}.Debug|x64.ActiveCfg = Debug|x64
		{16E604BE-7D90-33D6-92D6-629298F1F6EE}.Debug|x64.Build.0 = Debug|x64
		{16E604BE-7D90-33D6-92D6-629298F1F6EE}.Release|x64.ActiveCfg = Release|x64
		{16E604BE-7D90-33D6-92D6-629298F1F6EE}.Release|x64.Build.0 = Release|x64
		{16E604BE-7D90-33D6-92D6-629298F1F6EE}.MinSizeRel|x64.ActiveCfg = MinSizeRel|x64
		{16E604BE-7D90-33D6-92D6-629298F1F6EE}.MinSizeRel|x64.Build.0 = MinSizeRel|x64
		{16E604BE-7D90-33D6-92D6-629298F1F6EE}.RelWithDebInfo|x64.ActiveCfg = RelWithDebInfo|x64
		{16E604BE-7D90-33D6-92D6-629298F1F6EE}.RelWithDebInfo|x64.Build.0 = RelWithDebInfo|x64
	EndGlobalSection
	GlobalSection(ExtensibilityGlobals) = postSolution
		SolutionGuid = {365E60E0-2D38-3A60-A389-45F036C62827}
	EndGlobalSection
	GlobalSection(ExtensibilityAddIns) = postSolution
	EndGlobalSection
EndGlobal
